// !$*UTF8*$!
{
	archiveVersion = 1;
	classes = {
	};
	objectVersion = 46;
	objects = {

/* Begin PBXBuildFile section */
		670963051CEC0DC80043D2A5 /* Modal+Tutorial.swift in Sources */ = {isa = PBXBuildFile; fileRef = 670963041CEC0DC80043D2A5 /* Modal+Tutorial.swift */; };
		670963071CEE3DD60043D2A5 /* AppState.swift in Sources */ = {isa = PBXBuildFile; fileRef = 670963061CEE3DD60043D2A5 /* AppState.swift */; };
		671053F51CF603B2003B8BDB /* GoogleService-Info.plist in Resources */ = {isa = PBXBuildFile; fileRef = 671053F41CF603B2003B8BDB /* GoogleService-Info.plist */; };
		671053F91CF6065C003B8BDB /* Constant.swift in Sources */ = {isa = PBXBuildFile; fileRef = 671053F81CF6065C003B8BDB /* Constant.swift */; };
		671053FB1CF61A78003B8BDB /* Report.swift in Sources */ = {isa = PBXBuildFile; fileRef = 671053FA1CF61A78003B8BDB /* Report.swift */; };
		6715F4E21CDBFB1D0002F421 /* Copying.swift in Sources */ = {isa = PBXBuildFile; fileRef = 6715F4E11CDBFB1D0002F421 /* Copying.swift */; };
		6715F4E41CDBFBDC0002F421 /* Notebook+History.swift in Sources */ = {isa = PBXBuildFile; fileRef = 6715F4E31CDBFBDC0002F421 /* Notebook+History.swift */; };
		67227B741CF9F0470042468D /* Remote.swift in Sources */ = {isa = PBXBuildFile; fileRef = 67227B731CF9F0470042468D /* Remote.swift */; };
		67244C851CE3998F0038D343 /* ReorderTableView.swift in Sources */ = {isa = PBXBuildFile; fileRef = 67244C841CE3998F0038D343 /* ReorderTableView.swift */; };
		67299B641CE243660066728E /* Modal+NoteDetail.swift in Sources */ = {isa = PBXBuildFile; fileRef = 67299B631CE243660066728E /* Modal+NoteDetail.swift */; };
		6733EE3C1CFE4347006BC486 /* Modal+Loading.swift in Sources */ = {isa = PBXBuildFile; fileRef = 6733EE3B1CFE4347006BC486 /* Modal+Loading.swift */; };
		6733EE3E1CFF3608006BC486 /* PushNotification.swift in Sources */ = {isa = PBXBuildFile; fileRef = 6733EE3D1CFF3608006BC486 /* PushNotification.swift */; };
		675037AA1CD1764B0061EC6E /* AppDelegate.swift in Sources */ = {isa = PBXBuildFile; fileRef = 675037A91CD1764B0061EC6E /* AppDelegate.swift */; };
		675037B11CD1764B0061EC6E /* Assets.xcassets in Resources */ = {isa = PBXBuildFile; fileRef = 675037B01CD1764B0061EC6E /* Assets.xcassets */; };
		675037B41CD1764B0061EC6E /* LaunchScreen.storyboard in Resources */ = {isa = PBXBuildFile; fileRef = 675037B21CD1764B0061EC6E /* LaunchScreen.storyboard */; };
		675037D51CD176570061EC6E /* IntroNavigationController.swift in Sources */ = {isa = PBXBuildFile; fileRef = 675037BB1CD176570061EC6E /* IntroNavigationController.swift */; };
		675037D61CD176570061EC6E /* IntroViewController.swift in Sources */ = {isa = PBXBuildFile; fileRef = 675037BC1CD176570061EC6E /* IntroViewController.swift */; };
		675037D71CD176570061EC6E /* LocalNotification.swift in Sources */ = {isa = PBXBuildFile; fileRef = 675037BD1CD176570061EC6E /* LocalNotification.swift */; };
		675037D81CD176570061EC6E /* SideMenu.swift in Sources */ = {isa = PBXBuildFile; fileRef = 675037BE1CD176570061EC6E /* SideMenu.swift */; };
		675037D91CD176570061EC6E /* MenuNavigationController.swift in Sources */ = {isa = PBXBuildFile; fileRef = 675037BF1CD176570061EC6E /* MenuNavigationController.swift */; };
		675037DA1CD176570061EC6E /* MenuViewController.swift in Sources */ = {isa = PBXBuildFile; fileRef = 675037C01CD176570061EC6E /* MenuViewController.swift */; };
		675037DB1CD176570061EC6E /* Modal.swift in Sources */ = {isa = PBXBuildFile; fileRef = 675037C11CD176570061EC6E /* Modal.swift */; };
		675037DC1CD176570061EC6E /* Modal+DatePicker.swift in Sources */ = {isa = PBXBuildFile; fileRef = 675037C21CD176570061EC6E /* Modal+DatePicker.swift */; };
		675037DD1CD176570061EC6E /* Modal+Reminder.swift in Sources */ = {isa = PBXBuildFile; fileRef = 675037C31CD176570061EC6E /* Modal+Reminder.swift */; };
		675037DE1CD176570061EC6E /* Note.swift in Sources */ = {isa = PBXBuildFile; fileRef = 675037C41CD176570061EC6E /* Note.swift */; };
		675037DF1CD176570061EC6E /* Notebook.swift in Sources */ = {isa = PBXBuildFile; fileRef = 675037C51CD176570061EC6E /* Notebook.swift */; };
		675037E01CD176570061EC6E /* SettingViewController.swift in Sources */ = {isa = PBXBuildFile; fileRef = 675037C61CD176570061EC6E /* SettingViewController.swift */; };
		675037E11CD176570061EC6E /* Reminder.swift in Sources */ = {isa = PBXBuildFile; fileRef = 675037C71CD176570061EC6E /* Reminder.swift */; };
		675037E21CD176570061EC6E /* SearchViewController.swift in Sources */ = {isa = PBXBuildFile; fileRef = 675037C81CD176570061EC6E /* SearchViewController.swift */; };
		675037E31CD176570061EC6E /* String+Config.swift in Sources */ = {isa = PBXBuildFile; fileRef = 675037C91CD176570061EC6E /* String+Config.swift */; };
		675037E41CD176570061EC6E /* ListTableViewCell.swift in Sources */ = {isa = PBXBuildFile; fileRef = 675037CA1CD176570061EC6E /* ListTableViewCell.swift */; };
		675037E51CD176570061EC6E /* ListViewController.swift in Sources */ = {isa = PBXBuildFile; fileRef = 675037CB1CD176570061EC6E /* ListViewController.swift */; };
		675037E61CD176570061EC6E /* UIButton+Config.swift in Sources */ = {isa = PBXBuildFile; fileRef = 675037CC1CD176570061EC6E /* UIButton+Config.swift */; };
		675037E71CD176570061EC6E /* UIColor+Config.swift in Sources */ = {isa = PBXBuildFile; fileRef = 675037CD1CD176570061EC6E /* UIColor+Config.swift */; };
		675037E81CD176570061EC6E /* UINavigationController+Config.swift in Sources */ = {isa = PBXBuildFile; fileRef = 675037CE1CD176570061EC6E /* UINavigationController+Config.swift */; };
		675037E91CD176570061EC6E /* UITabBarController+Config.swift in Sources */ = {isa = PBXBuildFile; fileRef = 675037CF1CD176570061EC6E /* UITabBarController+Config.swift */; };
		675037EA1CD176570061EC6E /* UITableViewCell+Config.swift in Sources */ = {isa = PBXBuildFile; fileRef = 675037D01CD176570061EC6E /* UITableViewCell+Config.swift */; };
		675037EB1CD176570061EC6E /* UITableViewController+Config.swift in Sources */ = {isa = PBXBuildFile; fileRef = 675037D11CD176570061EC6E /* UITableViewController+Config.swift */; };
		675037EC1CD176570061EC6E /* UITextField+Config.swift in Sources */ = {isa = PBXBuildFile; fileRef = 675037D21CD176570061EC6E /* UITextField+Config.swift */; };
		675037ED1CD176570061EC6E /* User.swift in Sources */ = {isa = PBXBuildFile; fileRef = 675037D31CD176570061EC6E /* User.swift */; };
		675037EE1CD176570061EC6E /* Util.swift in Sources */ = {isa = PBXBuildFile; fileRef = 675037D41CD176570061EC6E /* Util.swift */; };
		675037F11CD176600061EC6E /* SwipeCell.swift in Sources */ = {isa = PBXBuildFile; fileRef = 675037EF1CD176600061EC6E /* SwipeCell.swift */; };
		675038051CD178F30061EC6E /* AccessNavigationController.swift in Sources */ = {isa = PBXBuildFile; fileRef = 675037FF1CD178F30061EC6E /* AccessNavigationController.swift */; };
		675038061CD178F30061EC6E /* Access+Setup.swift in Sources */ = {isa = PBXBuildFile; fileRef = 675038001CD178F30061EC6E /* Access+Setup.swift */; };
		675038071CD178F30061EC6E /* Access+Business+Logic.swift in Sources */ = {isa = PBXBuildFile; fileRef = 675038011CD178F30061EC6E /* Access+Business+Logic.swift */; };
		675038081CD178F30061EC6E /* LoginViewController.swift in Sources */ = {isa = PBXBuildFile; fileRef = 675038021CD178F30061EC6E /* LoginViewController.swift */; };
		675038091CD178F30061EC6E /* SignupViewController.swift in Sources */ = {isa = PBXBuildFile; fileRef = 675038031CD178F30061EC6E /* SignupViewController.swift */; };
		6750380A1CD178F30061EC6E /* ForgotViewController.swift in Sources */ = {isa = PBXBuildFile; fileRef = 675038041CD178F30061EC6E /* ForgotViewController.swift */; };
		67A6E5611D0640B000ABB2BC /* Modal+Confirmation.swift in Sources */ = {isa = PBXBuildFile; fileRef = 67A6E5601D0640B000ABB2BC /* Modal+Confirmation.swift */; };
		67CEDF531D0225C1000B6D43 /* Modal+Error.swift in Sources */ = {isa = PBXBuildFile; fileRef = 67CEDF521D0225C1000B6D43 /* Modal+Error.swift */; };
		67CEDF551D022964000B6D43 /* Modal+TextField.swift in Sources */ = {isa = PBXBuildFile; fileRef = 67CEDF541D022964000B6D43 /* Modal+TextField.swift */; };
		67D8441E1CD2847B004C144F /* Swipe.swift in Sources */ = {isa = PBXBuildFile; fileRef = 67D8441D1CD2847B004C144F /* Swipe.swift */; };
		DF12C4E0915BFFB22E1BE63F /* Pods_Organize.framework in Frameworks */ = {isa = PBXBuildFile; fileRef = 22F7A6BE983A67D347E343ED /* Pods_Organize.framework */; };
/* End PBXBuildFile section */

/* Begin PBXFileReference section */
		1BB4069152DF10FDBB7B53E0 /* Pods-Organize.debug.xcconfig */ = {isa = PBXFileReference; includeInIndex = 1; lastKnownFileType = text.xcconfig; name = "Pods-Organize.debug.xcconfig"; path = "Pods/Target Support Files/Pods-Organize/Pods-Organize.debug.xcconfig"; sourceTree = "<group>"; };
		22F7A6BE983A67D347E343ED /* Pods_Organize.framework */ = {isa = PBXFileReference; explicitFileType = wrapper.framework; includeInIndex = 0; path = Pods_Organize.framework; sourceTree = BUILT_PRODUCTS_DIR; };
		50980299D4CBFD6DB6F7178E /* Pods-Organize.release.xcconfig */ = {isa = PBXFileReference; includeInIndex = 1; lastKnownFileType = text.xcconfig; name = "Pods-Organize.release.xcconfig"; path = "Pods/Target Support Files/Pods-Organize/Pods-Organize.release.xcconfig"; sourceTree = "<group>"; };
		670963041CEC0DC80043D2A5 /* Modal+Tutorial.swift */ = {isa = PBXFileReference; fileEncoding = 4; lastKnownFileType = sourcecode.swift; path = "Modal+Tutorial.swift"; sourceTree = "<group>"; };
		670963061CEE3DD60043D2A5 /* AppState.swift */ = {isa = PBXFileReference; fileEncoding = 4; lastKnownFileType = sourcecode.swift; path = AppState.swift; sourceTree = "<group>"; };
		671053F41CF603B2003B8BDB /* GoogleService-Info.plist */ = {isa = PBXFileReference; fileEncoding = 4; lastKnownFileType = text.plist.xml; path = "GoogleService-Info.plist"; sourceTree = "<group>"; };
		671053F81CF6065C003B8BDB /* Constant.swift */ = {isa = PBXFileReference; fileEncoding = 4; lastKnownFileType = sourcecode.swift; path = Constant.swift; sourceTree = "<group>"; };
		671053FA1CF61A78003B8BDB /* Report.swift */ = {isa = PBXFileReference; fileEncoding = 4; lastKnownFileType = sourcecode.swift; path = Report.swift; sourceTree = "<group>"; };
		6715F4E11CDBFB1D0002F421 /* Copying.swift */ = {isa = PBXFileReference; fileEncoding = 4; lastKnownFileType = sourcecode.swift; path = Copying.swift; sourceTree = "<group>"; };
		6715F4E31CDBFBDC0002F421 /* Notebook+History.swift */ = {isa = PBXFileReference; fileEncoding = 4; lastKnownFileType = sourcecode.swift; path = "Notebook+History.swift"; sourceTree = "<group>"; };
		67227B721CF7762A0042468D /* Organize.entitlements */ = {isa = PBXFileReference; lastKnownFileType = text.xml; path = Organize.entitlements; sourceTree = "<group>"; };
		67227B731CF9F0470042468D /* Remote.swift */ = {isa = PBXFileReference; fileEncoding = 4; lastKnownFileType = sourcecode.swift; path = Remote.swift; sourceTree = "<group>"; };
		67244C841CE3998F0038D343 /* ReorderTableView.swift */ = {isa = PBXFileReference; fileEncoding = 4; lastKnownFileType = sourcecode.swift; path = ReorderTableView.swift; sourceTree = "<group>"; };
		67299B631CE243660066728E /* Modal+NoteDetail.swift */ = {isa = PBXFileReference; fileEncoding = 4; lastKnownFileType = sourcecode.swift; path = "Modal+NoteDetail.swift"; sourceTree = "<group>"; };
		6733EE3B1CFE4347006BC486 /* Modal+Loading.swift */ = {isa = PBXFileReference; fileEncoding = 4; lastKnownFileType = sourcecode.swift; path = "Modal+Loading.swift"; sourceTree = "<group>"; };
		6733EE3D1CFF3608006BC486 /* PushNotification.swift */ = {isa = PBXFileReference; fileEncoding = 4; lastKnownFileType = sourcecode.swift; path = PushNotification.swift; sourceTree = "<group>"; };
		675037A61CD1764B0061EC6E /* Organize.app */ = {isa = PBXFileReference; explicitFileType = wrapper.application; includeInIndex = 0; path = Organize.app; sourceTree = BUILT_PRODUCTS_DIR; };
		675037A91CD1764B0061EC6E /* AppDelegate.swift */ = {isa = PBXFileReference; lastKnownFileType = sourcecode.swift; path = AppDelegate.swift; sourceTree = "<group>"; };
		675037B01CD1764B0061EC6E /* Assets.xcassets */ = {isa = PBXFileReference; lastKnownFileType = folder.assetcatalog; path = Assets.xcassets; sourceTree = "<group>"; };
		675037B31CD1764B0061EC6E /* Base */ = {isa = PBXFileReference; lastKnownFileType = file.storyboard; name = Base; path = Base.lproj/LaunchScreen.storyboard; sourceTree = "<group>"; };
		675037B51CD1764B0061EC6E /* Info.plist */ = {isa = PBXFileReference; lastKnownFileType = text.plist.xml; path = Info.plist; sourceTree = "<group>"; };
		675037BB1CD176570061EC6E /* IntroNavigationController.swift */ = {isa = PBXFileReference; fileEncoding = 4; lastKnownFileType = sourcecode.swift; path = IntroNavigationController.swift; sourceTree = "<group>"; };
		675037BC1CD176570061EC6E /* IntroViewController.swift */ = {isa = PBXFileReference; fileEncoding = 4; lastKnownFileType = sourcecode.swift; path = IntroViewController.swift; sourceTree = "<group>"; };
		675037BD1CD176570061EC6E /* LocalNotification.swift */ = {isa = PBXFileReference; fileEncoding = 4; lastKnownFileType = sourcecode.swift; path = LocalNotification.swift; sourceTree = "<group>"; };
		675037BE1CD176570061EC6E /* SideMenu.swift */ = {isa = PBXFileReference; fileEncoding = 4; lastKnownFileType = sourcecode.swift; path = SideMenu.swift; sourceTree = "<group>"; };
		675037BF1CD176570061EC6E /* MenuNavigationController.swift */ = {isa = PBXFileReference; fileEncoding = 4; lastKnownFileType = sourcecode.swift; path = MenuNavigationController.swift; sourceTree = "<group>"; };
		675037C01CD176570061EC6E /* MenuViewController.swift */ = {isa = PBXFileReference; fileEncoding = 4; lastKnownFileType = sourcecode.swift; path = MenuViewController.swift; sourceTree = "<group>"; };
		675037C11CD176570061EC6E /* Modal.swift */ = {isa = PBXFileReference; fileEncoding = 4; lastKnownFileType = sourcecode.swift; path = Modal.swift; sourceTree = "<group>"; };
		675037C21CD176570061EC6E /* Modal+DatePicker.swift */ = {isa = PBXFileReference; fileEncoding = 4; lastKnownFileType = sourcecode.swift; path = "Modal+DatePicker.swift"; sourceTree = "<group>"; };
		675037C31CD176570061EC6E /* Modal+Reminder.swift */ = {isa = PBXFileReference; fileEncoding = 4; lastKnownFileType = sourcecode.swift; path = "Modal+Reminder.swift"; sourceTree = "<group>"; };
		675037C41CD176570061EC6E /* Note.swift */ = {isa = PBXFileReference; fileEncoding = 4; lastKnownFileType = sourcecode.swift; path = Note.swift; sourceTree = "<group>"; };
		675037C51CD176570061EC6E /* Notebook.swift */ = {isa = PBXFileReference; fileEncoding = 4; lastKnownFileType = sourcecode.swift; path = Notebook.swift; sourceTree = "<group>"; };
		675037C61CD176570061EC6E /* SettingViewController.swift */ = {isa = PBXFileReference; fileEncoding = 4; lastKnownFileType = sourcecode.swift; path = SettingViewController.swift; sourceTree = "<group>"; };
		675037C71CD176570061EC6E /* Reminder.swift */ = {isa = PBXFileReference; fileEncoding = 4; lastKnownFileType = sourcecode.swift; path = Reminder.swift; sourceTree = "<group>"; };
		675037C81CD176570061EC6E /* SearchViewController.swift */ = {isa = PBXFileReference; fileEncoding = 4; lastKnownFileType = sourcecode.swift; path = SearchViewController.swift; sourceTree = "<group>"; };
		675037C91CD176570061EC6E /* String+Config.swift */ = {isa = PBXFileReference; fileEncoding = 4; lastKnownFileType = sourcecode.swift; path = "String+Config.swift"; sourceTree = "<group>"; };
		675037CA1CD176570061EC6E /* ListTableViewCell.swift */ = {isa = PBXFileReference; fileEncoding = 4; lastKnownFileType = sourcecode.swift; path = ListTableViewCell.swift; sourceTree = "<group>"; };
		675037CB1CD176570061EC6E /* ListViewController.swift */ = {isa = PBXFileReference; fileEncoding = 4; lastKnownFileType = sourcecode.swift; path = ListViewController.swift; sourceTree = "<group>"; };
		675037CC1CD176570061EC6E /* UIButton+Config.swift */ = {isa = PBXFileReference; fileEncoding = 4; lastKnownFileType = sourcecode.swift; path = "UIButton+Config.swift"; sourceTree = "<group>"; };
		675037CD1CD176570061EC6E /* UIColor+Config.swift */ = {isa = PBXFileReference; fileEncoding = 4; lastKnownFileType = sourcecode.swift; path = "UIColor+Config.swift"; sourceTree = "<group>"; };
		675037CE1CD176570061EC6E /* UINavigationController+Config.swift */ = {isa = PBXFileReference; fileEncoding = 4; lastKnownFileType = sourcecode.swift; path = "UINavigationController+Config.swift"; sourceTree = "<group>"; };
		675037CF1CD176570061EC6E /* UITabBarController+Config.swift */ = {isa = PBXFileReference; fileEncoding = 4; lastKnownFileType = sourcecode.swift; path = "UITabBarController+Config.swift"; sourceTree = "<group>"; };
		675037D01CD176570061EC6E /* UITableViewCell+Config.swift */ = {isa = PBXFileReference; fileEncoding = 4; lastKnownFileType = sourcecode.swift; path = "UITableViewCell+Config.swift"; sourceTree = "<group>"; };
		675037D11CD176570061EC6E /* UITableViewController+Config.swift */ = {isa = PBXFileReference; fileEncoding = 4; lastKnownFileType = sourcecode.swift; path = "UITableViewController+Config.swift"; sourceTree = "<group>"; };
		675037D21CD176570061EC6E /* UITextField+Config.swift */ = {isa = PBXFileReference; fileEncoding = 4; lastKnownFileType = sourcecode.swift; path = "UITextField+Config.swift"; sourceTree = "<group>"; };
		675037D31CD176570061EC6E /* User.swift */ = {isa = PBXFileReference; fileEncoding = 4; lastKnownFileType = sourcecode.swift; path = User.swift; sourceTree = "<group>"; };
		675037D41CD176570061EC6E /* Util.swift */ = {isa = PBXFileReference; fileEncoding = 4; lastKnownFileType = sourcecode.swift; path = Util.swift; sourceTree = "<group>"; };
		675037EF1CD176600061EC6E /* SwipeCell.swift */ = {isa = PBXFileReference; fileEncoding = 4; lastKnownFileType = sourcecode.swift; path = SwipeCell.swift; sourceTree = "<group>"; };
		675037FF1CD178F30061EC6E /* AccessNavigationController.swift */ = {isa = PBXFileReference; fileEncoding = 4; lastKnownFileType = sourcecode.swift; path = AccessNavigationController.swift; sourceTree = "<group>"; };
		675038001CD178F30061EC6E /* Access+Setup.swift */ = {isa = PBXFileReference; fileEncoding = 4; lastKnownFileType = sourcecode.swift; path = "Access+Setup.swift"; sourceTree = "<group>"; };
		675038011CD178F30061EC6E /* Access+Business+Logic.swift */ = {isa = PBXFileReference; fileEncoding = 4; lastKnownFileType = sourcecode.swift; path = "Access+Business+Logic.swift"; sourceTree = "<group>"; };
		675038021CD178F30061EC6E /* LoginViewController.swift */ = {isa = PBXFileReference; fileEncoding = 4; lastKnownFileType = sourcecode.swift; path = LoginViewController.swift; sourceTree = "<group>"; };
		675038031CD178F30061EC6E /* SignupViewController.swift */ = {isa = PBXFileReference; fileEncoding = 4; lastKnownFileType = sourcecode.swift; path = SignupViewController.swift; sourceTree = "<group>"; };
		675038041CD178F30061EC6E /* ForgotViewController.swift */ = {isa = PBXFileReference; fileEncoding = 4; lastKnownFileType = sourcecode.swift; path = ForgotViewController.swift; sourceTree = "<group>"; };
		67A6E5601D0640B000ABB2BC /* Modal+Confirmation.swift */ = {isa = PBXFileReference; fileEncoding = 4; lastKnownFileType = sourcecode.swift; path = "Modal+Confirmation.swift"; sourceTree = "<group>"; };
		67CEDF521D0225C1000B6D43 /* Modal+Error.swift */ = {isa = PBXFileReference; fileEncoding = 4; lastKnownFileType = sourcecode.swift; path = "Modal+Error.swift"; sourceTree = "<group>"; };
		67CEDF541D022964000B6D43 /* Modal+TextField.swift */ = {isa = PBXFileReference; fileEncoding = 4; lastKnownFileType = sourcecode.swift; path = "Modal+TextField.swift"; sourceTree = "<group>"; };
		67D8441D1CD2847B004C144F /* Swipe.swift */ = {isa = PBXFileReference; fileEncoding = 4; lastKnownFileType = sourcecode.swift; path = Swipe.swift; sourceTree = "<group>"; };
/* End PBXFileReference section */

/* Begin PBXFrameworksBuildPhase section */
		675037A31CD1764B0061EC6E /* Frameworks */ = {
			isa = PBXFrameworksBuildPhase;
			buildActionMask = 2147483647;
			files = (
				DF12C4E0915BFFB22E1BE63F /* Pods_Organize.framework in Frameworks */,
			);
			runOnlyForDeploymentPostprocessing = 0;
		};
/* End PBXFrameworksBuildPhase section */

/* Begin PBXGroup section */
		0D44FB49978A58D6DE9F1ECA /* Pods */ = {
			isa = PBXGroup;
			children = (
				1BB4069152DF10FDBB7B53E0 /* Pods-Organize.debug.xcconfig */,
				50980299D4CBFD6DB6F7178E /* Pods-Organize.release.xcconfig */,
			);
			name = Pods;
			sourceTree = "<group>";
		};
		6750379D1CD1764B0061EC6E = {
			isa = PBXGroup;
			children = (
				675037A81CD1764B0061EC6E /* Organize */,
				675037A71CD1764B0061EC6E /* Products */,
				0D44FB49978A58D6DE9F1ECA /* Pods */,
				CDD9ED0742613FDE6ECCF41F /* Frameworks */,
			);
			sourceTree = "<group>";
		};
		675037A71CD1764B0061EC6E /* Products */ = {
			isa = PBXGroup;
			children = (
				675037A61CD1764B0061EC6E /* Organize.app */,
			);
			name = Products;
			sourceTree = "<group>";
		};
		675037A81CD1764B0061EC6E /* Organize */ = {
			isa = PBXGroup;
			children = (
				675037F51CD1776F0061EC6E /* shared */,
				675037F41CD177660061EC6E /* components */,
			);
			path = Organize;
			sourceTree = "<group>";
		};
		675037F31CD176C50061EC6E /* app */ = {
			isa = PBXGroup;
			children = (
				675037A91CD1764B0061EC6E /* AppDelegate.swift */,
				675037B01CD1764B0061EC6E /* Assets.xcassets */,
				675037B21CD1764B0061EC6E /* LaunchScreen.storyboard */,
				675037B51CD1764B0061EC6E /* Info.plist */,
				671053F41CF603B2003B8BDB /* GoogleService-Info.plist */,
				67227B721CF7762A0042468D /* Organize.entitlements */,
			);
			name = app;
			sourceTree = "<group>";
		};
		675037F41CD177660061EC6E /* components */ = {
			isa = PBXGroup;
			children = (
				675037FA1CD177920061EC6E /* intro */,
				675037FB1CD177950061EC6E /* access */,
				675037F61CD177720061EC6E /* menu */,
			);
			name = components;
			sourceTree = "<group>";
		};
		675037F51CD1776F0061EC6E /* shared */ = {
			isa = PBXGroup;
			children = (
				675037F31CD176C50061EC6E /* app */,
				675037FC1CD177C40061EC6E /* globals */,
				675037FD1CD177C80061EC6E /* models */,
				6750380E1CD1795E0061EC6E /* modals */,
				675037FE1CD177D90061EC6E /* traits */,
			);
			name = shared;
			sourceTree = "<group>";
		};
		675037F61CD177720061EC6E /* menu */ = {
			isa = PBXGroup;
			children = (
				675037BF1CD176570061EC6E /* MenuNavigationController.swift */,
				675037C01CD176570061EC6E /* MenuViewController.swift */,
				675037F91CD1778E0061EC6E /* list */,
				675037F81CD177890061EC6E /* search */,
				675037F71CD177750061EC6E /* setting */,
			);
			name = menu;
			sourceTree = "<group>";
		};
		675037F71CD177750061EC6E /* setting */ = {
			isa = PBXGroup;
			children = (
				675037C61CD176570061EC6E /* SettingViewController.swift */,
			);
			name = setting;
			sourceTree = "<group>";
		};
		675037F81CD177890061EC6E /* search */ = {
			isa = PBXGroup;
			children = (
				675037C81CD176570061EC6E /* SearchViewController.swift */,
			);
			name = search;
			sourceTree = "<group>";
		};
		675037F91CD1778E0061EC6E /* list */ = {
			isa = PBXGroup;
			children = (
				675037CB1CD176570061EC6E /* ListViewController.swift */,
				675037CA1CD176570061EC6E /* ListTableViewCell.swift */,
			);
			name = list;
			sourceTree = "<group>";
		};
		675037FA1CD177920061EC6E /* intro */ = {
			isa = PBXGroup;
			children = (
				675037BB1CD176570061EC6E /* IntroNavigationController.swift */,
				675037BC1CD176570061EC6E /* IntroViewController.swift */,
			);
			name = intro;
			sourceTree = "<group>";
		};
		675037FB1CD177950061EC6E /* access */ = {
			isa = PBXGroup;
			children = (
				675037FF1CD178F30061EC6E /* AccessNavigationController.swift */,
				675038001CD178F30061EC6E /* Access+Setup.swift */,
				675038011CD178F30061EC6E /* Access+Business+Logic.swift */,
				6750380B1CD179000061EC6E /* login */,
				6750380C1CD179030061EC6E /* signup */,
				6750380D1CD179080061EC6E /* forgot */,
			);
			name = access;
			sourceTree = "<group>";
		};
		675037FC1CD177C40061EC6E /* globals */ = {
			isa = PBXGroup;
			children = (
				675037D41CD176570061EC6E /* Util.swift */,
				671053F81CF6065C003B8BDB /* Constant.swift */,
				670963061CEE3DD60043D2A5 /* AppState.swift */,
				671053FA1CF61A78003B8BDB /* Report.swift */,
				675037CC1CD176570061EC6E /* UIButton+Config.swift */,
				675037CD1CD176570061EC6E /* UIColor+Config.swift */,
				675037CE1CD176570061EC6E /* UINavigationController+Config.swift */,
				675037CF1CD176570061EC6E /* UITabBarController+Config.swift */,
				675037D01CD176570061EC6E /* UITableViewCell+Config.swift */,
				675037D11CD176570061EC6E /* UITableViewController+Config.swift */,
				675037D21CD176570061EC6E /* UITextField+Config.swift */,
				675037C91CD176570061EC6E /* String+Config.swift */,
			);
			name = globals;
			sourceTree = "<group>";
		};
		675037FD1CD177C80061EC6E /* models */ = {
			isa = PBXGroup;
			children = (
				6715F4E11CDBFB1D0002F421 /* Copying.swift */,
				675037BD1CD176570061EC6E /* LocalNotification.swift */,
				6733EE3D1CFF3608006BC486 /* PushNotification.swift */,
				675037D31CD176570061EC6E /* User.swift */,
				675037C51CD176570061EC6E /* Notebook.swift */,
				6715F4E31CDBFBDC0002F421 /* Notebook+History.swift */,
				675037C41CD176570061EC6E /* Note.swift */,
				675037C71CD176570061EC6E /* Reminder.swift */,
				67D8441D1CD2847B004C144F /* Swipe.swift */,
				67227B731CF9F0470042468D /* Remote.swift */,
			);
			name = models;
			sourceTree = "<group>";
		};
		675037FE1CD177D90061EC6E /* traits */ = {
			isa = PBXGroup;
			children = (
				675037BE1CD176570061EC6E /* SideMenu.swift */,
				675037EF1CD176600061EC6E /* SwipeCell.swift */,
				67244C841CE3998F0038D343 /* ReorderTableView.swift */,
			);
			name = traits;
			sourceTree = "<group>";
		};
		6750380B1CD179000061EC6E /* login */ = {
			isa = PBXGroup;
			children = (
				675038021CD178F30061EC6E /* LoginViewController.swift */,
			);
			name = login;
			sourceTree = "<group>";
		};
		6750380C1CD179030061EC6E /* signup */ = {
			isa = PBXGroup;
			children = (
				675038031CD178F30061EC6E /* SignupViewController.swift */,
			);
			name = signup;
			sourceTree = "<group>";
		};
		6750380D1CD179080061EC6E /* forgot */ = {
			isa = PBXGroup;
			children = (
				675038041CD178F30061EC6E /* ForgotViewController.swift */,
			);
			name = forgot;
			sourceTree = "<group>";
		};
		6750380E1CD1795E0061EC6E /* modals */ = {
			isa = PBXGroup;
			children = (
				675037C11CD176570061EC6E /* Modal.swift */,
				675037C21CD176570061EC6E /* Modal+DatePicker.swift */,
				675037C31CD176570061EC6E /* Modal+Reminder.swift */,
				67299B631CE243660066728E /* Modal+NoteDetail.swift */,
				670963041CEC0DC80043D2A5 /* Modal+Tutorial.swift */,
				6733EE3B1CFE4347006BC486 /* Modal+Loading.swift */,
				67CEDF521D0225C1000B6D43 /* Modal+Error.swift */,
				67CEDF541D022964000B6D43 /* Modal+TextField.swift */,
				67A6E5601D0640B000ABB2BC /* Modal+Confirmation.swift */,
			);
			name = modals;
			sourceTree = "<group>";
		};
		CDD9ED0742613FDE6ECCF41F /* Frameworks */ = {
			isa = PBXGroup;
			children = (
				22F7A6BE983A67D347E343ED /* Pods_Organize.framework */,
			);
			name = Frameworks;
			sourceTree = "<group>";
		};
/* End PBXGroup section */

/* Begin PBXNativeTarget section */
		675037A51CD1764B0061EC6E /* Organize */ = {
			isa = PBXNativeTarget;
			buildConfigurationList = 675037B81CD1764B0061EC6E /* Build configuration list for PBXNativeTarget "Organize" */;
			buildPhases = (
				FFDDAFC8C0373D26751F3E5C /* 📦 Check Pods Manifest.lock */,
				675037A21CD1764B0061EC6E /* Sources */,
				675037A31CD1764B0061EC6E /* Frameworks */,
				675037A41CD1764B0061EC6E /* Resources */,
				BF99313AC0735A0660B7A675 /* 📦 Embed Pods Frameworks */,
				7B10028CC825F46C9CC2CFB5 /* 📦 Copy Pods Resources */,
			);
			buildRules = (
			);
			dependencies = (
			);
			name = Organize;
			productName = Organize;
			productReference = 675037A61CD1764B0061EC6E /* Organize.app */;
			productType = "com.apple.product-type.application";
		};
/* End PBXNativeTarget section */

/* Begin PBXProject section */
		6750379E1CD1764B0061EC6E /* Project object */ = {
			isa = PBXProject;
			attributes = {
				LastSwiftUpdateCheck = 0730;
				LastUpgradeCheck = 0730;
				ORGANIZATIONNAME = "Ethan Neff";
				TargetAttributes = {
					675037A51CD1764B0061EC6E = {
						CreatedOnToolsVersion = 7.3;
						DevelopmentTeam = PW4Q8885U7;
						SystemCapabilities = {
							com.apple.Push = {
								enabled = 1;
							};
							com.apple.SafariKeychain = {
								enabled = 1;
							};
						};
					};
				};
			};
			buildConfigurationList = 675037A11CD1764B0061EC6E /* Build configuration list for PBXProject "Organize" */;
			compatibilityVersion = "Xcode 3.2";
			developmentRegion = English;
			hasScannedForEncodings = 0;
			knownRegions = (
				en,
				Base,
			);
			mainGroup = 6750379D1CD1764B0061EC6E;
			productRefGroup = 675037A71CD1764B0061EC6E /* Products */;
			projectDirPath = "";
			projectRoot = "";
			targets = (
				675037A51CD1764B0061EC6E /* Organize */,
			);
		};
/* End PBXProject section */

/* Begin PBXResourcesBuildPhase section */
		675037A41CD1764B0061EC6E /* Resources */ = {
			isa = PBXResourcesBuildPhase;
			buildActionMask = 2147483647;
			files = (
				675037B41CD1764B0061EC6E /* LaunchScreen.storyboard in Resources */,
				675037B11CD1764B0061EC6E /* Assets.xcassets in Resources */,
				671053F51CF603B2003B8BDB /* GoogleService-Info.plist in Resources */,
			);
			runOnlyForDeploymentPostprocessing = 0;
		};
/* End PBXResourcesBuildPhase section */

/* Begin PBXShellScriptBuildPhase section */
		7B10028CC825F46C9CC2CFB5 /* 📦 Copy Pods Resources */ = {
			isa = PBXShellScriptBuildPhase;
			buildActionMask = 2147483647;
			files = (
			);
			inputPaths = (
			);
			name = "📦 Copy Pods Resources";
			outputPaths = (
			);
			runOnlyForDeploymentPostprocessing = 0;
			shellPath = /bin/sh;
			shellScript = "\"${SRCROOT}/Pods/Target Support Files/Pods-Organize/Pods-Organize-resources.sh\"\n";
			showEnvVarsInLog = 0;
		};
		BF99313AC0735A0660B7A675 /* 📦 Embed Pods Frameworks */ = {
			isa = PBXShellScriptBuildPhase;
			buildActionMask = 2147483647;
			files = (
			);
			inputPaths = (
			);
			name = "📦 Embed Pods Frameworks";
			outputPaths = (
			);
			runOnlyForDeploymentPostprocessing = 0;
			shellPath = /bin/sh;
			shellScript = "\"${SRCROOT}/Pods/Target Support Files/Pods-Organize/Pods-Organize-frameworks.sh\"\n";
			showEnvVarsInLog = 0;
		};
		FFDDAFC8C0373D26751F3E5C /* 📦 Check Pods Manifest.lock */ = {
			isa = PBXShellScriptBuildPhase;
			buildActionMask = 2147483647;
			files = (
			);
			inputPaths = (
			);
			name = "📦 Check Pods Manifest.lock";
			outputPaths = (
			);
			runOnlyForDeploymentPostprocessing = 0;
			shellPath = /bin/sh;
			shellScript = "diff \"${PODS_ROOT}/../Podfile.lock\" \"${PODS_ROOT}/Manifest.lock\" > /dev/null\nif [[ $? != 0 ]] ; then\n    cat << EOM\nerror: The sandbox is not in sync with the Podfile.lock. Run 'pod install' or update your CocoaPods installation.\nEOM\n    exit 1\nfi\n";
			showEnvVarsInLog = 0;
		};
/* End PBXShellScriptBuildPhase section */

/* Begin PBXSourcesBuildPhase section */
		675037A21CD1764B0061EC6E /* Sources */ = {
			isa = PBXSourcesBuildPhase;
			buildActionMask = 2147483647;
			files = (
				675037EA1CD176570061EC6E /* UITableViewCell+Config.swift in Sources */,
				675037DF1CD176570061EC6E /* Notebook.swift in Sources */,
				675037E91CD176570061EC6E /* UITabBarController+Config.swift in Sources */,
				6750380A1CD178F30061EC6E /* ForgotViewController.swift in Sources */,
				67299B641CE243660066728E /* Modal+NoteDetail.swift in Sources */,
				675037AA1CD1764B0061EC6E /* AppDelegate.swift in Sources */,
				675037ED1CD176570061EC6E /* User.swift in Sources */,
				675037D81CD176570061EC6E /* SideMenu.swift in Sources */,
				675037D91CD176570061EC6E /* MenuNavigationController.swift in Sources */,
				675037DC1CD176570061EC6E /* Modal+DatePicker.swift in Sources */,
				675037D51CD176570061EC6E /* IntroNavigationController.swift in Sources */,
				67227B741CF9F0470042468D /* Remote.swift in Sources */,
				6733EE3E1CFF3608006BC486 /* PushNotification.swift in Sources */,
				675037E01CD176570061EC6E /* SettingViewController.swift in Sources */,
				675037EE1CD176570061EC6E /* Util.swift in Sources */,
				675037D71CD176570061EC6E /* LocalNotification.swift in Sources */,
				675037E31CD176570061EC6E /* String+Config.swift in Sources */,
				675037E11CD176570061EC6E /* Reminder.swift in Sources */,
				675037E21CD176570061EC6E /* SearchViewController.swift in Sources */,
				675037E41CD176570061EC6E /* ListTableViewCell.swift in Sources */,
				6715F4E41CDBFBDC0002F421 /* Notebook+History.swift in Sources */,
				67D8441E1CD2847B004C144F /* Swipe.swift in Sources */,
				675037EB1CD176570061EC6E /* UITableViewController+Config.swift in Sources */,
				675037D61CD176570061EC6E /* IntroViewController.swift in Sources */,
				6733EE3C1CFE4347006BC486 /* Modal+Loading.swift in Sources */,
				671053F91CF6065C003B8BDB /* Constant.swift in Sources */,
				675037E71CD176570061EC6E /* UIColor+Config.swift in Sources */,
				6715F4E21CDBFB1D0002F421 /* Copying.swift in Sources */,
				675037E81CD176570061EC6E /* UINavigationController+Config.swift in Sources */,
				671053FB1CF61A78003B8BDB /* Report.swift in Sources */,
				67244C851CE3998F0038D343 /* ReorderTableView.swift in Sources */,
				675038081CD178F30061EC6E /* LoginViewController.swift in Sources */,
				675037EC1CD176570061EC6E /* UITextField+Config.swift in Sources */,
				67CEDF551D022964000B6D43 /* Modal+TextField.swift in Sources */,
				675037F11CD176600061EC6E /* SwipeCell.swift in Sources */,
				675037DD1CD176570061EC6E /* Modal+Reminder.swift in Sources */,
				675038071CD178F30061EC6E /* Access+Business+Logic.swift in Sources */,
				670963051CEC0DC80043D2A5 /* Modal+Tutorial.swift in Sources */,
				67A6E5611D0640B000ABB2BC /* Modal+Confirmation.swift in Sources */,
				675037E51CD176570061EC6E /* ListViewController.swift in Sources */,
				675037DB1CD176570061EC6E /* Modal.swift in Sources */,
				670963071CEE3DD60043D2A5 /* AppState.swift in Sources */,
				675038091CD178F30061EC6E /* SignupViewController.swift in Sources */,
				675038061CD178F30061EC6E /* Access+Setup.swift in Sources */,
				675038051CD178F30061EC6E /* AccessNavigationController.swift in Sources */,
				675037DA1CD176570061EC6E /* MenuViewController.swift in Sources */,
				675037DE1CD176570061EC6E /* Note.swift in Sources */,
				67CEDF531D0225C1000B6D43 /* Modal+Error.swift in Sources */,
				675037E61CD176570061EC6E /* UIButton+Config.swift in Sources */,
			);
			runOnlyForDeploymentPostprocessing = 0;
		};
/* End PBXSourcesBuildPhase section */

/* Begin PBXVariantGroup section */
		675037B21CD1764B0061EC6E /* LaunchScreen.storyboard */ = {
			isa = PBXVariantGroup;
			children = (
				675037B31CD1764B0061EC6E /* Base */,
			);
			name = LaunchScreen.storyboard;
			sourceTree = "<group>";
		};
/* End PBXVariantGroup section */

/* Begin XCBuildConfiguration section */
		675037B61CD1764B0061EC6E /* Debug */ = {
			isa = XCBuildConfiguration;
			buildSettings = {
				ALWAYS_SEARCH_USER_PATHS = NO;
				CLANG_ANALYZER_NONNULL = YES;
				CLANG_CXX_LANGUAGE_STANDARD = "gnu++0x";
				CLANG_CXX_LIBRARY = "libc++";
				CLANG_ENABLE_MODULES = YES;
				CLANG_ENABLE_OBJC_ARC = YES;
				CLANG_WARN_BOOL_CONVERSION = YES;
				CLANG_WARN_CONSTANT_CONVERSION = YES;
				CLANG_WARN_DIRECT_OBJC_ISA_USAGE = YES_ERROR;
				CLANG_WARN_EMPTY_BODY = YES;
				CLANG_WARN_ENUM_CONVERSION = YES;
				CLANG_WARN_INT_CONVERSION = YES;
				CLANG_WARN_OBJC_ROOT_CLASS = YES_ERROR;
				CLANG_WARN_UNREACHABLE_CODE = YES;
				CLANG_WARN__DUPLICATE_METHOD_MATCH = YES;
				"CODE_SIGN_IDENTITY[sdk=iphoneos*]" = "iPhone Developer";
				COPY_PHASE_STRIP = NO;
				DEBUG_INFORMATION_FORMAT = dwarf;
				ENABLE_STRICT_OBJC_MSGSEND = YES;
				ENABLE_TESTABILITY = YES;
				GCC_C_LANGUAGE_STANDARD = gnu99;
				GCC_DYNAMIC_NO_PIC = NO;
				GCC_NO_COMMON_BLOCKS = YES;
				GCC_OPTIMIZATION_LEVEL = 0;
				GCC_PREPROCESSOR_DEFINITIONS = (
					"DEBUG=1",
					"$(inherited)",
				);
				GCC_WARN_64_TO_32_BIT_CONVERSION = YES;
				GCC_WARN_ABOUT_RETURN_TYPE = YES_ERROR;
				GCC_WARN_UNDECLARED_SELECTOR = YES;
				GCC_WARN_UNINITIALIZED_AUTOS = YES_AGGRESSIVE;
				GCC_WARN_UNUSED_FUNCTION = YES;
				GCC_WARN_UNUSED_VARIABLE = YES;
				IPHONEOS_DEPLOYMENT_TARGET = 9.3;
				MTL_ENABLE_DEBUG_INFO = YES;
				ONLY_ACTIVE_ARCH = YES;
				SDKROOT = iphoneos;
				SWIFT_OPTIMIZATION_LEVEL = "-Onone";
				TARGETED_DEVICE_FAMILY = "1,2";
			};
			name = Debug;
		};
		675037B71CD1764B0061EC6E /* Release */ = {
			isa = XCBuildConfiguration;
			buildSettings = {
				ALWAYS_SEARCH_USER_PATHS = NO;
				CLANG_ANALYZER_NONNULL = YES;
				CLANG_CXX_LANGUAGE_STANDARD = "gnu++0x";
				CLANG_CXX_LIBRARY = "libc++";
				CLANG_ENABLE_MODULES = YES;
				CLANG_ENABLE_OBJC_ARC = YES;
				CLANG_WARN_BOOL_CONVERSION = YES;
				CLANG_WARN_CONSTANT_CONVERSION = YES;
				CLANG_WARN_DIRECT_OBJC_ISA_USAGE = YES_ERROR;
				CLANG_WARN_EMPTY_BODY = YES;
				CLANG_WARN_ENUM_CONVERSION = YES;
				CLANG_WARN_INT_CONVERSION = YES;
				CLANG_WARN_OBJC_ROOT_CLASS = YES_ERROR;
				CLANG_WARN_UNREACHABLE_CODE = YES;
				CLANG_WARN__DUPLICATE_METHOD_MATCH = YES;
				"CODE_SIGN_IDENTITY[sdk=iphoneos*]" = "iPhone Developer";
				COPY_PHASE_STRIP = NO;
				DEBUG_INFORMATION_FORMAT = "dwarf-with-dsym";
				ENABLE_NS_ASSERTIONS = NO;
				ENABLE_STRICT_OBJC_MSGSEND = YES;
				GCC_C_LANGUAGE_STANDARD = gnu99;
				GCC_NO_COMMON_BLOCKS = YES;
				GCC_WARN_64_TO_32_BIT_CONVERSION = YES;
				GCC_WARN_ABOUT_RETURN_TYPE = YES_ERROR;
				GCC_WARN_UNDECLARED_SELECTOR = YES;
				GCC_WARN_UNINITIALIZED_AUTOS = YES_AGGRESSIVE;
				GCC_WARN_UNUSED_FUNCTION = YES;
				GCC_WARN_UNUSED_VARIABLE = YES;
				IPHONEOS_DEPLOYMENT_TARGET = 9.3;
				MTL_ENABLE_DEBUG_INFO = NO;
				SDKROOT = iphoneos;
				TARGETED_DEVICE_FAMILY = "1,2";
				VALIDATE_PRODUCT = YES;
			};
			name = Release;
		};
		675037B91CD1764B0061EC6E /* Debug */ = {
			isa = XCBuildConfiguration;
			baseConfigurationReference = 1BB4069152DF10FDBB7B53E0 /* Pods-Organize.debug.xcconfig */;
			buildSettings = {
				ASSETCATALOG_COMPILER_APPICON_NAME = AppIcon;
				CODE_SIGN_ENTITLEMENTS = Organize/Organize.entitlements;
				CODE_SIGN_IDENTITY = "iPhone Developer";
				INFOPLIST_FILE = Organize/Info.plist;
				IPHONEOS_DEPLOYMENT_TARGET = 8.0;
				LD_RUNPATH_SEARCH_PATHS = "$(inherited) @executable_path/Frameworks";
				PRODUCT_BUNDLE_IDENTIFIER = com.eneff.app.organize;
				PRODUCT_NAME = "$(TARGET_NAME)";
				PROVISIONING_PROFILE = "";
			};
			name = Debug;
		};
		675037BA1CD1764B0061EC6E /* Release */ = {
			isa = XCBuildConfiguration;
			baseConfigurationReference = 50980299D4CBFD6DB6F7178E /* Pods-Organize.release.xcconfig */;
			buildSettings = {
				ASSETCATALOG_COMPILER_APPICON_NAME = AppIcon;
				CODE_SIGN_ENTITLEMENTS = Organize/Organize.entitlements;
				CODE_SIGN_IDENTITY = "iPhone Developer";
				INFOPLIST_FILE = Organize/Info.plist;
				IPHONEOS_DEPLOYMENT_TARGET = 8.0;
				LD_RUNPATH_SEARCH_PATHS = "$(inherited) @executable_path/Frameworks";
				PRODUCT_BUNDLE_IDENTIFIER = com.eneff.app.organize;
				PRODUCT_NAME = "$(TARGET_NAME)";
				PROVISIONING_PROFILE = "";
			};
			name = Release;
		};
/* End XCBuildConfiguration section */

/* Begin XCConfigurationList section */
		675037A11CD1764B0061EC6E /* Build configuration list for PBXProject "Organize" */ = {
			isa = XCConfigurationList;
			buildConfigurations = (
				675037B61CD1764B0061EC6E /* Debug */,
				675037B71CD1764B0061EC6E /* Release */,
			);
			defaultConfigurationIsVisible = 0;
			defaultConfigurationName = Release;
		};
		675037B81CD1764B0061EC6E /* Build configuration list for PBXNativeTarget "Organize" */ = {
			isa = XCConfigurationList;
			buildConfigurations = (
				675037B91CD1764B0061EC6E /* Debug */,
				675037BA1CD1764B0061EC6E /* Release */,
			);
			defaultConfigurationIsVisible = 0;
			defaultConfigurationName = Release;
		};
/* End XCConfigurationList section */
	};
	rootObject = 6750379E1CD1764B0061EC6E /* Project object */;
}
